// !$*UTF8*$!
{
	archiveVersion = 1;
	classes = {
	};
	objectVersion = 56;
	objects = {

/* Begin PBXBuildFile section */
		7E108ECC2BD8FFDD00DB24A7 /* Destination.swift in Sources */ = {isa = PBXBuildFile; fileRef = 7E108ECB2BD8FFDD00DB24A7 /* Destination.swift */; };
		7E108ECF2BD9005A00DB24A7 /* HomeView.swift in Sources */ = {isa = PBXBuildFile; fileRef = 7E108ECE2BD9005A00DB24A7 /* HomeView.swift */; };
		7E108ED22BD9007C00DB24A7 /* ProfileView.swift in Sources */ = {isa = PBXBuildFile; fileRef = 7E108ED12BD9007C00DB24A7 /* ProfileView.swift */; };
		7E108ED52BD9024400DB24A7 /* CreateProfileView.swift in Sources */ = {isa = PBXBuildFile; fileRef = 7E108ED42BD9024400DB24A7 /* CreateProfileView.swift */; };
		7E108ED82BD903BF00DB24A7 /* NeumorphicView.swift in Sources */ = {isa = PBXBuildFile; fileRef = 7E108ED72BD903BF00DB24A7 /* NeumorphicView.swift */; };
		7E108EDA2BD906B400DB24A7 /* Color+offWhite.swift in Sources */ = {isa = PBXBuildFile; fileRef = 7E108ED92BD906B400DB24A7 /* Color+offWhite.swift */; };
		7E108EDD2BD908DA00DB24A7 /* HomeProfileComponent.swift in Sources */ = {isa = PBXBuildFile; fileRef = 7E108EDC2BD908D900DB24A7 /* HomeProfileComponent.swift */; };
		7E108EE02BD9091C00DB24A7 /* Person.swift in Sources */ = {isa = PBXBuildFile; fileRef = 7E108EDF2BD9091C00DB24A7 /* Person.swift */; };
		7E108EE22BD90B9F00DB24A7 /* PlaceholderView.swift in Sources */ = {isa = PBXBuildFile; fileRef = 7E108EE12BD90B9F00DB24A7 /* PlaceholderView.swift */; };
		7E7970F72BD8FD4100A03689 /* routinglikeaproApp.swift in Sources */ = {isa = PBXBuildFile; fileRef = 7E7970F62BD8FD4100A03689 /* routinglikeaproApp.swift */; };
		7E7970F92BD8FD4100A03689 /* HomeCoordinatorView.swift in Sources */ = {isa = PBXBuildFile; fileRef = 7E7970F82BD8FD4100A03689 /* HomeCoordinatorView.swift */; };
		7E7970FB2BD8FD4300A03689 /* Assets.xcassets in Resources */ = {isa = PBXBuildFile; fileRef = 7E7970FA2BD8FD4300A03689 /* Assets.xcassets */; };
		7E7970FF2BD8FD4300A03689 /* Preview Assets.xcassets in Resources */ = {isa = PBXBuildFile; fileRef = 7E7970FE2BD8FD4300A03689 /* Preview Assets.xcassets */; };
		7E79710A2BD8FE3B00A03689 /* NavigationRouter.swift in Sources */ = {isa = PBXBuildFile; fileRef = 7E7971092BD8FE3B00A03689 /* NavigationRouter.swift */; };
/* End PBXBuildFile section */

/* Begin PBXFileReference section */
		7E108ECB2BD8FFDD00DB24A7 /* Destination.swift */ = {isa = PBXFileReference; lastKnownFileType = sourcecode.swift; path = Destination.swift; sourceTree = "<group>"; };
		7E108ECE2BD9005A00DB24A7 /* HomeView.swift */ = {isa = PBXFileReference; lastKnownFileType = sourcecode.swift; path = HomeView.swift; sourceTree = "<group>"; };
		7E108ED12BD9007C00DB24A7 /* ProfileView.swift */ = {isa = PBXFileReference; lastKnownFileType = sourcecode.swift; path = ProfileView.swift; sourceTree = "<group>"; };
		7E108ED42BD9024400DB24A7 /* CreateProfileView.swift */ = {isa = PBXFileReference; lastKnownFileType = sourcecode.swift; path = CreateProfileView.swift; sourceTree = "<group>"; };
		7E108ED72BD903BF00DB24A7 /* NeumorphicView.swift */ = {isa = PBXFileReference; lastKnownFileType = sourcecode.swift; path = NeumorphicView.swift; sourceTree = "<group>"; };
		7E108ED92BD906B400DB24A7 /* Color+offWhite.swift */ = {isa = PBXFileReference; lastKnownFileType = sourcecode.swift; path = "Color+offWhite.swift"; sourceTree = "<group>"; };
		7E108EDC2BD908D900DB24A7 /* HomeProfileComponent.swift */ = {isa = PBXFileReference; lastKnownFileType = sourcecode.swift; path = HomeProfileComponent.swift; sourceTree = "<group>"; };
		7E108EDF2BD9091C00DB24A7 /* Person.swift */ = {isa = PBXFileReference; lastKnownFileType = sourcecode.swift; path = Person.swift; sourceTree = "<group>"; };
		7E108EE12BD90B9F00DB24A7 /* PlaceholderView.swift */ = {isa = PBXFileReference; lastKnownFileType = sourcecode.swift; path = PlaceholderView.swift; sourceTree = "<group>"; };
		7E7970F32BD8FD4100A03689 /* routinglikeapro.app */ = {isa = PBXFileReference; explicitFileType = wrapper.application; includeInIndex = 0; path = routinglikeapro.app; sourceTree = BUILT_PRODUCTS_DIR; };
		7E7970F62BD8FD4100A03689 /* routinglikeaproApp.swift */ = {isa = PBXFileReference; lastKnownFileType = sourcecode.swift; path = routinglikeaproApp.swift; sourceTree = "<group>"; };
		7E7970F82BD8FD4100A03689 /* HomeCoordinatorView.swift */ = {isa = PBXFileReference; lastKnownFileType = sourcecode.swift; path = HomeCoordinatorView.swift; sourceTree = "<group>"; };
		7E7970FA2BD8FD4300A03689 /* Assets.xcassets */ = {isa = PBXFileReference; lastKnownFileType = folder.assetcatalog; path = Assets.xcassets; sourceTree = "<group>"; };
		7E7970FC2BD8FD4300A03689 /* routinglikeapro.entitlements */ = {isa = PBXFileReference; lastKnownFileType = text.plist.entitlements; path = routinglikeapro.entitlements; sourceTree = "<group>"; };
		7E7970FE2BD8FD4300A03689 /* Preview Assets.xcassets */ = {isa = PBXFileReference; lastKnownFileType = folder.assetcatalog; path = "Preview Assets.xcassets"; sourceTree = "<group>"; };
		7E7971092BD8FE3B00A03689 /* NavigationRouter.swift */ = {isa = PBXFileReference; lastKnownFileType = sourcecode.swift; path = NavigationRouter.swift; sourceTree = "<group>"; };
/* End PBXFileReference section */

/* Begin PBXFrameworksBuildPhase section */
		7E7970F02BD8FD4100A03689 /* Frameworks */ = {
			isa = PBXFrameworksBuildPhase;
			buildActionMask = 2147483647;
			files = (
			);
			runOnlyForDeploymentPostprocessing = 0;
		};
/* End PBXFrameworksBuildPhase section */

/* Begin PBXGroup section */
		7E108ECD2BD9004700DB24A7 /* Home */ = {
			isa = PBXGroup;
			children = (
				7E7970F82BD8FD4100A03689 /* HomeCoordinatorView.swift */,
			);
			path = Home;
			sourceTree = "<group>";
		};
		7E108ED02BD9005F00DB24A7 /* Profile */ = {
			isa = PBXGroup;
			children = (
				7E108ED12BD9007C00DB24A7 /* ProfileView.swift */,
			);
			path = Profile;
			sourceTree = "<group>";
		};
		7E108ED32BD9022A00DB24A7 /* CreateProfile */ = {
			isa = PBXGroup;
			children = (
				7E108ED42BD9024400DB24A7 /* CreateProfileView.swift */,
			);
			path = CreateProfile;
			sourceTree = "<group>";
		};
		7E108ED62BD903B400DB24A7 /* UI */ = {
			isa = PBXGroup;
			children = (
				7E108ED72BD903BF00DB24A7 /* NeumorphicView.swift */,
				7E108EE12BD90B9F00DB24A7 /* PlaceholderView.swift */,
			);
			path = UI;
			sourceTree = "<group>";
		};
		7E108EDB2BD908D000DB24A7 /* Components */ = {
			isa = PBXGroup;
			children = (
				7E108EDC2BD908D900DB24A7 /* HomeProfileComponent.swift */,
			);
			path = Components;
			sourceTree = "<group>";
		};
		7E108EDE2BD9091200DB24A7 /* Models */ = {
			isa = PBXGroup;
			children = (
				7E108EDF2BD9091C00DB24A7 /* Person.swift */,
			);
			path = Models;
			sourceTree = "<group>";
		};
		7E7970EA2BD8FD4100A03689 = {
			isa = PBXGroup;
			children = (
				7E7970F52BD8FD4100A03689 /* routinglikeapro */,
				7E7970F42BD8FD4100A03689 /* Products */,
			);
			sourceTree = "<group>";
		};
		7E7970F42BD8FD4100A03689 /* Products */ = {
			isa = PBXGroup;
			children = (
				7E7970F32BD8FD4100A03689 /* routinglikeapro.app */,
			);
			name = Products;
			sourceTree = "<group>";
		};
		7E7970F52BD8FD4100A03689 /* routinglikeapro */ = {
			isa = PBXGroup;
			children = (
				7E7970F62BD8FD4100A03689 /* routinglikeaproApp.swift */,
				7E108EDE2BD9091200DB24A7 /* Models */,
				7E108ED62BD903B400DB24A7 /* UI */,
				7E7971052BD8FD7C00A03689 /* Modules */,
				7E7971072BD8FDB400A03689 /* Supporting Files */,
				7E7970FC2BD8FD4300A03689 /* routinglikeapro.entitlements */,
			);
			path = routinglikeapro;
			sourceTree = "<group>";
		};
		7E7970FD2BD8FD4300A03689 /* Preview Content */ = {
			isa = PBXGroup;
			children = (
				7E7970FE2BD8FD4300A03689 /* Preview Assets.xcassets */,
			);
			path = "Preview Content";
			sourceTree = "<group>";
		};
		7E7971052BD8FD7C00A03689 /* Modules */ = {
			isa = PBXGroup;
			children = (
				7E7971082BD8FDDD00A03689 /* NavigationRouter */,
				7E7971062BD8FD8400A03689 /* Home */,
				7E108ED02BD9005F00DB24A7 /* Profile */,
				7E108ED32BD9022A00DB24A7 /* CreateProfile */,
			);
			path = Modules;
			sourceTree = "<group>";
		};
		7E7971062BD8FD8400A03689 /* Home */ = {
			isa = PBXGroup;
			children = (
				7E108EDB2BD908D000DB24A7 /* Components */,
				7E108ECE2BD9005A00DB24A7 /* HomeView.swift */,
			);
			path = Home;
			sourceTree = "<group>";
		};
		7E7971072BD8FDB400A03689 /* Supporting Files */ = {
			isa = PBXGroup;
			children = (
				7E7970FA2BD8FD4300A03689 /* Assets.xcassets */,
				7E7970FD2BD8FD4300A03689 /* Preview Content */,
				7E108ED92BD906B400DB24A7 /* Color+offWhite.swift */,
			);
			path = "Supporting Files";
			sourceTree = "<group>";
		};
		7E7971082BD8FDDD00A03689 /* NavigationRouter */ = {
			isa = PBXGroup;
			children = (
				7E108ECD2BD9004700DB24A7 /* Home */,
				7E7971092BD8FE3B00A03689 /* NavigationRouter.swift */,
				7E108ECB2BD8FFDD00DB24A7 /* Destination.swift */,
			);
			path = NavigationRouter;
			sourceTree = "<group>";
		};
/* End PBXGroup section */

/* Begin PBXNativeTarget section */
		7E7970F22BD8FD4100A03689 /* routinglikeapro */ = {
			isa = PBXNativeTarget;
			buildConfigurationList = 7E7971022BD8FD4300A03689 /* Build configuration list for PBXNativeTarget "routinglikeapro" */;
			buildPhases = (
				7E7970EF2BD8FD4100A03689 /* Sources */,
				7E7970F02BD8FD4100A03689 /* Frameworks */,
				7E7970F12BD8FD4100A03689 /* Resources */,
			);
			buildRules = (
			);
			dependencies = (
			);
			name = routinglikeapro;
			productName = routinglikeapro;
			productReference = 7E7970F32BD8FD4100A03689 /* routinglikeapro.app */;
			productType = "com.apple.product-type.application";
		};
/* End PBXNativeTarget section */

/* Begin PBXProject section */
		7E7970EB2BD8FD4100A03689 /* Project object */ = {
			isa = PBXProject;
			attributes = {
				BuildIndependentTargetsInParallel = 1;
				LastSwiftUpdateCheck = 1520;
				LastUpgradeCheck = 1520;
				TargetAttributes = {
					7E7970F22BD8FD4100A03689 = {
						CreatedOnToolsVersion = 15.2;
					};
				};
			};
			buildConfigurationList = 7E7970EE2BD8FD4100A03689 /* Build configuration list for PBXProject "routinglikeapro" */;
			compatibilityVersion = "Xcode 14.0";
			developmentRegion = en;
			hasScannedForEncodings = 0;
			knownRegions = (
				en,
				Base,
			);
			mainGroup = 7E7970EA2BD8FD4100A03689;
			productRefGroup = 7E7970F42BD8FD4100A03689 /* Products */;
			projectDirPath = "";
			projectRoot = "";
			targets = (
				7E7970F22BD8FD4100A03689 /* routinglikeapro */,
			);
		};
/* End PBXProject section */

/* Begin PBXResourcesBuildPhase section */
		7E7970F12BD8FD4100A03689 /* Resources */ = {
			isa = PBXResourcesBuildPhase;
			buildActionMask = 2147483647;
			files = (
				7E7970FF2BD8FD4300A03689 /* Preview Assets.xcassets in Resources */,
				7E7970FB2BD8FD4300A03689 /* Assets.xcassets in Resources */,
			);
			runOnlyForDeploymentPostprocessing = 0;
		};
/* End PBXResourcesBuildPhase section */

/* Begin PBXSourcesBuildPhase section */
		7E7970EF2BD8FD4100A03689 /* Sources */ = {
			isa = PBXSourcesBuildPhase;
			buildActionMask = 2147483647;
			files = (
				7E108EDD2BD908DA00DB24A7 /* HomeProfileComponent.swift in Sources */,
				7E7970F92BD8FD4100A03689 /* HomeCoordinatorView.swift in Sources */,
				7E108EE22BD90B9F00DB24A7 /* PlaceholderView.swift in Sources */,
				7E7970F72BD8FD4100A03689 /* routinglikeaproApp.swift in Sources */,
				7E108ECC2BD8FFDD00DB24A7 /* Destination.swift in Sources */,
				7E108EE02BD9091C00DB24A7 /* Person.swift in Sources */,
				7E108ED52BD9024400DB24A7 /* CreateProfileView.swift in Sources */,
				7E108ED82BD903BF00DB24A7 /* NeumorphicView.swift in Sources */,
				7E108ECF2BD9005A00DB24A7 /* HomeView.swift in Sources */,
				7E108ED22BD9007C00DB24A7 /* ProfileView.swift in Sources */,
				7E108EDA2BD906B400DB24A7 /* Color+offWhite.swift in Sources */,
				7E79710A2BD8FE3B00A03689 /* NavigationRouter.swift in Sources */,
			);
			runOnlyForDeploymentPostprocessing = 0;
		};
/* End PBXSourcesBuildPhase section */

/* Begin XCBuildConfiguration section */
		7E7971002BD8FD4300A03689 /* Debug */ = {
			isa = XCBuildConfiguration;
			buildSettings = {
				ALWAYS_SEARCH_USER_PATHS = NO;
				ASSETCATALOG_COMPILER_GENERATE_SWIFT_ASSET_SYMBOL_EXTENSIONS = YES;
				CLANG_ANALYZER_NONNULL = YES;
				CLANG_ANALYZER_NUMBER_OBJECT_CONVERSION = YES_AGGRESSIVE;
				CLANG_CXX_LANGUAGE_STANDARD = "gnu++20";
				CLANG_ENABLE_MODULES = YES;
				CLANG_ENABLE_OBJC_ARC = YES;
				CLANG_ENABLE_OBJC_WEAK = YES;
				CLANG_WARN_BLOCK_CAPTURE_AUTORELEASING = YES;
				CLANG_WARN_BOOL_CONVERSION = YES;
				CLANG_WARN_COMMA = YES;
				CLANG_WARN_CONSTANT_CONVERSION = YES;
				CLANG_WARN_DEPRECATED_OBJC_IMPLEMENTATIONS = YES;
				CLANG_WARN_DIRECT_OBJC_ISA_USAGE = YES_ERROR;
				CLANG_WARN_DOCUMENTATION_COMMENTS = YES;
				CLANG_WARN_EMPTY_BODY = YES;
				CLANG_WARN_ENUM_CONVERSION = YES;
				CLANG_WARN_INFINITE_RECURSION = YES;
				CLANG_WARN_INT_CONVERSION = YES;
				CLANG_WARN_NON_LITERAL_NULL_CONVERSION = YES;
				CLANG_WARN_OBJC_IMPLICIT_RETAIN_SELF = YES;
				CLANG_WARN_OBJC_LITERAL_CONVERSION = YES;
				CLANG_WARN_OBJC_ROOT_CLASS = YES_ERROR;
				CLANG_WARN_QUOTED_INCLUDE_IN_FRAMEWORK_HEADER = YES;
				CLANG_WARN_RANGE_LOOP_ANALYSIS = YES;
				CLANG_WARN_STRICT_PROTOTYPES = YES;
				CLANG_WARN_SUSPICIOUS_MOVE = YES;
				CLANG_WARN_UNGUARDED_AVAILABILITY = YES_AGGRESSIVE;
				CLANG_WARN_UNREACHABLE_CODE = YES;
				CLANG_WARN__DUPLICATE_METHOD_MATCH = YES;
				COPY_PHASE_STRIP = NO;
				DEBUG_INFORMATION_FORMAT = dwarf;
				ENABLE_STRICT_OBJC_MSGSEND = YES;
				ENABLE_TESTABILITY = YES;
				ENABLE_USER_SCRIPT_SANDBOXING = YES;
				GCC_C_LANGUAGE_STANDARD = gnu17;
				GCC_DYNAMIC_NO_PIC = NO;
				GCC_NO_COMMON_BLOCKS = YES;
				GCC_OPTIMIZATION_LEVEL = 0;
				GCC_PREPROCESSOR_DEFINITIONS = (
					"DEBUG=1",
					"$(inherited)",
				);
				GCC_WARN_64_TO_32_BIT_CONVERSION = YES;
				GCC_WARN_ABOUT_RETURN_TYPE = YES_ERROR;
				GCC_WARN_UNDECLARED_SELECTOR = YES;
				GCC_WARN_UNINITIALIZED_AUTOS = YES_AGGRESSIVE;
				GCC_WARN_UNUSED_FUNCTION = YES;
				GCC_WARN_UNUSED_VARIABLE = YES;
				LOCALIZATION_PREFERS_STRING_CATALOGS = YES;
				MTL_ENABLE_DEBUG_INFO = INCLUDE_SOURCE;
				MTL_FAST_MATH = YES;
				ONLY_ACTIVE_ARCH = YES;
				SWIFT_ACTIVE_COMPILATION_CONDITIONS = "DEBUG $(inherited)";
				SWIFT_OPTIMIZATION_LEVEL = "-Onone";
				XROS_DEPLOYMENT_TARGET = 1.0;
			};
			name = Debug;
		};
		7E7971012BD8FD4300A03689 /* Release */ = {
			isa = XCBuildConfiguration;
			buildSettings = {
				ALWAYS_SEARCH_USER_PATHS = NO;
				ASSETCATALOG_COMPILER_GENERATE_SWIFT_ASSET_SYMBOL_EXTENSIONS = YES;
				CLANG_ANALYZER_NONNULL = YES;
				CLANG_ANALYZER_NUMBER_OBJECT_CONVERSION = YES_AGGRESSIVE;
				CLANG_CXX_LANGUAGE_STANDARD = "gnu++20";
				CLANG_ENABLE_MODULES = YES;
				CLANG_ENABLE_OBJC_ARC = YES;
				CLANG_ENABLE_OBJC_WEAK = YES;
				CLANG_WARN_BLOCK_CAPTURE_AUTORELEASING = YES;
				CLANG_WARN_BOOL_CONVERSION = YES;
				CLANG_WARN_COMMA = YES;
				CLANG_WARN_CONSTANT_CONVERSION = YES;
				CLANG_WARN_DEPRECATED_OBJC_IMPLEMENTATIONS = YES;
				CLANG_WARN_DIRECT_OBJC_ISA_USAGE = YES_ERROR;
				CLANG_WARN_DOCUMENTATION_COMMENTS = YES;
				CLANG_WARN_EMPTY_BODY = YES;
				CLANG_WARN_ENUM_CONVERSION = YES;
				CLANG_WARN_INFINITE_RECURSION = YES;
				CLANG_WARN_INT_CONVERSION = YES;
				CLANG_WARN_NON_LITERAL_NULL_CONVERSION = YES;
				CLANG_WARN_OBJC_IMPLICIT_RETAIN_SELF = YES;
				CLANG_WARN_OBJC_LITERAL_CONVERSION = YES;
				CLANG_WARN_OBJC_ROOT_CLASS = YES_ERROR;
				CLANG_WARN_QUOTED_INCLUDE_IN_FRAMEWORK_HEADER = YES;
				CLANG_WARN_RANGE_LOOP_ANALYSIS = YES;
				CLANG_WARN_STRICT_PROTOTYPES = YES;
				CLANG_WARN_SUSPICIOUS_MOVE = YES;
				CLANG_WARN_UNGUARDED_AVAILABILITY = YES_AGGRESSIVE;
				CLANG_WARN_UNREACHABLE_CODE = YES;
				CLANG_WARN__DUPLICATE_METHOD_MATCH = YES;
				COPY_PHASE_STRIP = NO;
				DEBUG_INFORMATION_FORMAT = "dwarf-with-dsym";
				ENABLE_NS_ASSERTIONS = NO;
				ENABLE_STRICT_OBJC_MSGSEND = YES;
				ENABLE_USER_SCRIPT_SANDBOXING = YES;
				GCC_C_LANGUAGE_STANDARD = gnu17;
				GCC_NO_COMMON_BLOCKS = YES;
				GCC_WARN_64_TO_32_BIT_CONVERSION = YES;
				GCC_WARN_ABOUT_RETURN_TYPE = YES_ERROR;
				GCC_WARN_UNDECLARED_SELECTOR = YES;
				GCC_WARN_UNINITIALIZED_AUTOS = YES_AGGRESSIVE;
				GCC_WARN_UNUSED_FUNCTION = YES;
				GCC_WARN_UNUSED_VARIABLE = YES;
				LOCALIZATION_PREFERS_STRING_CATALOGS = YES;
				MTL_ENABLE_DEBUG_INFO = NO;
				MTL_FAST_MATH = YES;
				SWIFT_COMPILATION_MODE = wholemodule;
				XROS_DEPLOYMENT_TARGET = 1.0;
			};
			name = Release;
		};
		7E7971032BD8FD4300A03689 /* Debug */ = {
			isa = XCBuildConfiguration;
			buildSettings = {
				ASSETCATALOG_COMPILER_APPICON_NAME = AppIcon;
				ASSETCATALOG_COMPILER_GLOBAL_ACCENT_COLOR_NAME = AccentColor;
				CODE_SIGN_ENTITLEMENTS = routinglikeapro/routinglikeapro.entitlements;
				CODE_SIGN_STYLE = Automatic;
				CURRENT_PROJECT_VERSION = 1;
				DEVELOPMENT_ASSET_PATHS = "\"routinglikeapro/Supporting Files/Preview Content\"";
				DEVELOPMENT_TEAM = H2ZHJHU49C;
				ENABLE_HARDENED_RUNTIME = YES;
				ENABLE_PREVIEWS = YES;
				GENERATE_INFOPLIST_FILE = YES;
				INFOPLIST_KEY_CFBundleDisplayName = "Routing pro";
				INFOPLIST_KEY_LSApplicationCategoryType = "public.app-category.education";
				"INFOPLIST_KEY_UIApplicationSceneManifest_Generation[sdk=iphoneos*]" = YES;
				"INFOPLIST_KEY_UIApplicationSceneManifest_Generation[sdk=iphonesimulator*]" = YES;
				"INFOPLIST_KEY_UIApplicationSupportsIndirectInputEvents[sdk=iphoneos*]" = YES;
				"INFOPLIST_KEY_UIApplicationSupportsIndirectInputEvents[sdk=iphonesimulator*]" = YES;
				"INFOPLIST_KEY_UILaunchScreen_Generation[sdk=iphoneos*]" = YES;
				"INFOPLIST_KEY_UILaunchScreen_Generation[sdk=iphonesimulator*]" = YES;
				INFOPLIST_KEY_UIRequiresFullScreen = YES;
				"INFOPLIST_KEY_UIStatusBarStyle[sdk=iphoneos*]" = UIStatusBarStyleDefault;
				"INFOPLIST_KEY_UIStatusBarStyle[sdk=iphonesimulator*]" = UIStatusBarStyleDefault;
				IPHONEOS_DEPLOYMENT_TARGET = 16.4;
				LD_RUNPATH_SEARCH_PATHS = "@executable_path/Frameworks";
				"LD_RUNPATH_SEARCH_PATHS[sdk=macosx*]" = "@executable_path/../Frameworks";
				MACOSX_DEPLOYMENT_TARGET = 14.2;
				MARKETING_VERSION = 1.0;
				PRODUCT_BUNDLE_IDENTIFIER = icapps..routinglikeapro;
				PRODUCT_NAME = "$(TARGET_NAME)";
				SDKROOT = auto;
				SUPPORTED_PLATFORMS = "xros xrsimulator";
				SUPPORTS_MACCATALYST = NO;
				SUPPORTS_XR_DESIGNED_FOR_IPHONE_IPAD = NO;
				SWIFT_EMIT_LOC_STRINGS = YES;
				SWIFT_VERSION = 5.0;
				TARGETED_DEVICE_FAMILY = 7;
			};
			name = Debug;
		};
		7E7971042BD8FD4300A03689 /* Release */ = {
			isa = XCBuildConfiguration;
			buildSettings = {
				ASSETCATALOG_COMPILER_APPICON_NAME = AppIcon;
				ASSETCATALOG_COMPILER_GLOBAL_ACCENT_COLOR_NAME = AccentColor;
				CODE_SIGN_ENTITLEMENTS = routinglikeapro/routinglikeapro.entitlements;
				CODE_SIGN_STYLE = Automatic;
				CURRENT_PROJECT_VERSION = 1;
				DEVELOPMENT_ASSET_PATHS = "\"routinglikeapro/Supporting Files/Preview Content\"";
				DEVELOPMENT_TEAM = H2ZHJHU49C;
				ENABLE_HARDENED_RUNTIME = YES;
				ENABLE_PREVIEWS = YES;
				GENERATE_INFOPLIST_FILE = YES;
				INFOPLIST_KEY_CFBundleDisplayName = "Routing pro";
				INFOPLIST_KEY_LSApplicationCategoryType = "public.app-category.education";
				"INFOPLIST_KEY_UIApplicationSceneManifest_Generation[sdk=iphoneos*]" = YES;
				"INFOPLIST_KEY_UIApplicationSceneManifest_Generation[sdk=iphonesimulator*]" = YES;
				"INFOPLIST_KEY_UIApplicationSupportsIndirectInputEvents[sdk=iphoneos*]" = YES;
				"INFOPLIST_KEY_UIApplicationSupportsIndirectInputEvents[sdk=iphonesimulator*]" = YES;
				"INFOPLIST_KEY_UILaunchScreen_Generation[sdk=iphoneos*]" = YES;
				"INFOPLIST_KEY_UILaunchScreen_Generation[sdk=iphonesimulator*]" = YES;
				INFOPLIST_KEY_UIRequiresFullScreen = YES;
				"INFOPLIST_KEY_UIStatusBarStyle[sdk=iphoneos*]" = UIStatusBarStyleDefault;
				"INFOPLIST_KEY_UIStatusBarStyle[sdk=iphonesimulator*]" = UIStatusBarStyleDefault;
				IPHONEOS_DEPLOYMENT_TARGET = 16.4;
				LD_RUNPATH_SEARCH_PATHS = "@executable_path/Frameworks";
				"LD_RUNPATH_SEARCH_PATHS[sdk=macosx*]" = "@executable_path/../Frameworks";
				MACOSX_DEPLOYMENT_TARGET = 14.2;
				MARKETING_VERSION = 1.0;
				PRODUCT_BUNDLE_IDENTIFIER = icapps..routinglikeapro;
				PRODUCT_NAME = "$(TARGET_NAME)";
				SDKROOT = auto;
				SUPPORTED_PLATFORMS = "xros xrsimulator";
				SUPPORTS_MACCATALYST = NO;
				SUPPORTS_XR_DESIGNED_FOR_IPHONE_IPAD = NO;
				SWIFT_EMIT_LOC_STRINGS = YES;
				SWIFT_VERSION = 5.0;
				TARGETED_DEVICE_FAMILY = 7;
			};
			name = Release;
		};
/* End XCBuildConfiguration section */

/* Begin XCConfigurationList section */
		7E7970EE2BD8FD4100A03689 /* Build configuration list for PBXProject "routinglikeapro" */ = {
			isa = XCConfigurationList;
			buildConfigurations = (
				7E7971002BD8FD4300A03689 /* Debug */,
				7E7971012BD8FD4300A03689 /* Release */,
			);
			defaultConfigurationIsVisible = 0;
			defaultConfigurationName = Release;
		};
		7E7971022BD8FD4300A03689 /* Build configuration list for PBXNativeTarget "routinglikeapro" */ = {
			isa = XCConfigurationList;
			buildConfigurations = (
				7E7971032BD8FD4300A03689 /* Debug */,
				7E7971042BD8FD4300A03689 /* Release */,
			);
			defaultConfigurationIsVisible = 0;
			defaultConfigurationName = Release;
		};
/* End XCConfigurationList section */
	};
	rootObject = 7E7970EB2BD8FD4100A03689 /* Project object */;
}
